
Microsoft Visual Studio Solution File, Format Version 11.00
# Visual Studio 2010
Project("{8BC9CEB8-8B4A-11D0-8D11-00A0C91BC942}") = "VCDemo", "VCDemo\VCDemo.vcxproj", "{DBFAA768-884D-4AFE-87F8-787CFE7B1031}"
EndProject
Global
	GlobalSection(SolutionConfigurationPlatforms) = preSolution
		Debug|Win32 = Debug|Win32
		Release|Win32 = Release|Win32
	EndGlobalSection
	GlobalSection(ProjectConfigurationPlatforms) = postSolution
		{DBFAA768-884D-4AFE-87F8-787CFE7B1031}.Debug|Win32.ActiveCfg = Debug|Win32
		{DBFAA768-884D-4AFE-87F8-787CFE7B1031}.Debug|Win32.Build.0 = Debug|Win32
		{DBFAA768-884D-4AFE-87F8-787CFE7B1031}.Release|Win32.ActiveCfg = Release|Win32
		{DBFAA768-884D-4AFE-87F8-787CFE7B1031}.Release|Win32.Build.0 = Release|Win32
	EndGlobalSection
	GlobalSection(SolutionProperties) = preSolution
		HideSolutionNode = FALSE
	EndGlobalSection
EndGlobal
